Microsoft Visual Studio Solution File, Format Version 12.00
# Visual Studio Version 17
VisualStudioVersion = 17.5.2.0
MinimumVisualStudioVersion = 10.0.40219.1
Project("{FAE04EC0-301F-11D3-BF4B-00C04F79EFBC}") = "deepdeepbimapi", "deepdeepbimapi.csproj", "{8096C0EC-7881-D69A-8FF3-92321F5F0715}"
EndProject
Global
	GlobalSection(SolutionConfigurationPlatforms) = preSolution
		Debug|Any CPU = Debug|Any CPU
		Release|Any CPU = Release|Any CPU
	EndGlobalSection
	GlobalSection(ProjectConfigurationPlatforms) = postSolution
		{8096C0EC-7881-D69A-8FF3-92321F5F0715}.Debug|Any CPU.ActiveCfg = Debug|Any CPU
		{8096C0EC-7881-D69A-8FF3-92321F5F0715}.Debug|Any CPU.Build.0 = Debug|Any CPU
		{8096C0EC-7881-D69A-8FF3-92321F5F0715}.Release|Any CPU.ActiveCfg = Release|Any CPU
		{8096C0EC-7881-D69A-8FF3-92321F5F0715}.Release|Any CPU.Build.0 = Release|Any CPU
	EndGlobalSection
	GlobalSection(SolutionProperties) = preSolution
		HideSolutionNode = FALSE
	EndGlobalSection
	GlobalSection(ExtensibilityGlobals) = postSolution
		SolutionGuid = {1E00CF01-4B83-4A6A-B4BA-A325EF9EEC22}
	EndGlobalSection
EndGlobal
